{
  "name": "prism",
  "version": "1.0.0",
  "lockfileVersion": 1,
  "requires": true,
  "dependencies": {
    "asm-dom": {
      "version": "0.6.3",
      "resolved": "https://registry.npmjs.org/asm-dom/-/asm-dom-0.6.3.tgz",
      "integrity": "sha512-GSZykalErFXSrQ4fvoInyDnwZ9TTP3hGM8u984CpTTIqCR0AP5rhEY1PpqGbVeCtueJzST19yzuMdeEY/dplhQ=="
    }
  }
}
